
Microsoft Visual Studio Solution File, Format Version 12.00
# Visual Studio 15
VisualStudioVersion = 15.0.26730.10
MinimumVisualStudioVersion = 10.0.40219.1
Project("{2150E333-8FDC-42A3-9474-1A3956D46DE8}") = "0. WarmUp", "0. WarmUp", "{BE57B8EF-677D-4D09-B076-D7766373A3C4}"
EndProject
Project("{2150E333-8FDC-42A3-9474-1A3956D46DE8}") = "SolveMeFirst", "SolveMeFirst", "{13E879A4-7E5D-4306-9571-A9629771C182}"
EndProject
Project("{9A19103F-16F7-4668-BE54-9A1E7A4F7556}") = "SolveMeFirstSolution", "SolveMeFirstSolution\SolveMeFirstSolution.csproj", "{22659B9E-A69A-403C-BF61-5FBCCE6DD4E2}"
EndProject
Project("{2150E333-8FDC-42A3-9474-1A3956D46DE8}") = "SimpleArraySum", "SimpleArraySum", "{159DBC8F-9F52-4B7D-97AA-F7F3F1AF9B5A}"
EndProject
Project("{9A19103F-16F7-4668-BE54-9A1E7A4F7556}") = "SimpleArraySumSolution", "SimpleArraySumSolution\SimpleArraySumSolution.csproj", "{5BFEEB7D-52DA-4AF6-AC56-43E76F55677F}"
EndProject
Project("{2150E333-8FDC-42A3-9474-1A3956D46DE8}") = "CompareTheTriplets", "CompareTheTriplets", "{7557090B-806E-4D6D-98E4-45D2D4FE62E9}"
EndProject
Project("{FAE04EC0-301F-11D3-BF4B-00C04F79EFBC}") = "CompareTheTripletsSolution", "CompareTheTripletsSolution\CompareTheTripletsSolution.csproj", "{E5EB8517-7B9C-4C8C-BBD3-06173E00A905}"
EndProject
Project("{2150E333-8FDC-42A3-9474-1A3956D46DE8}") = "AVeryBigSum", "AVeryBigSum", "{B6ECED1A-7D89-4DE3-9F76-07F7A8DA7B1A}"
EndProject
Project("{FAE04EC0-301F-11D3-BF4B-00C04F79EFBC}") = "AVeryBigSumSolution", "AVeryBigSumSolution\AVeryBigSumSolution.csproj", "{5467DC05-A631-4810-8347-ED199875C852}"
EndProject
Project("{2150E333-8FDC-42A3-9474-1A3956D46DE8}") = "DiagonalDifference", "DiagonalDifference", "{8341FAE6-EA88-48FA-A055-BCE8173295A9}"
EndProject
Project("{FAE04EC0-301F-11D3-BF4B-00C04F79EFBC}") = "DiagonalDifferenceSolution", "DiagonalDifferenceSolution\DiagonalDifferenceSolution.csproj", "{F3E7BA2E-917C-4052-856A-C26CE9A8F84C}"
EndProject
Project("{2150E333-8FDC-42A3-9474-1A3956D46DE8}") = "PlusMinus", "PlusMinus", "{0A480A08-2856-45AD-89A6-8BE4628F247D}"
EndProject
Project("{FAE04EC0-301F-11D3-BF4B-00C04F79EFBC}") = "PlusMinusSolution", "PlusMinusSolution]]\PlusMinusSolution.csproj", "{63CF3EA1-972C-4A12-B901-2FD1EB8ABADB}"
EndProject
Project("{2150E333-8FDC-42A3-9474-1A3956D46DE8}") = "Staircase", "Staircase", "{80A1E642-9475-46E9-9DE2-16FA4FEBAFD0}"
EndProject
Project("{FAE04EC0-301F-11D3-BF4B-00C04F79EFBC}") = "StaircaseSolution", "StaircaseSolution\StaircaseSolution.csproj", "{7A347F01-0E44-4BB3-9CB3-AA7C2D513C32}"
EndProject
Project("{2150E333-8FDC-42A3-9474-1A3956D46DE8}") = "MiniMaxSum", "MiniMaxSum", "{9F853E52-DAC1-482F-BA7A-6370B8FF0300}"
EndProject
Project("{FAE04EC0-301F-11D3-BF4B-00C04F79EFBC}") = "MiniMaxSumSolution", "MiniMaxSumSolution\MiniMaxSumSolution.csproj", "{1D402973-B493-4A76-9271-83CFA541665C}"
EndProject
Project("{2150E333-8FDC-42A3-9474-1A3956D46DE8}") = "BirthdayCakeCandles", "BirthdayCakeCandles", "{3E06CEDC-F832-4817-8DC1-A5F3DE0A2A71}"
EndProject
Project("{FAE04EC0-301F-11D3-BF4B-00C04F79EFBC}") = "BirthdayCakeCandlesSolution", "BirthdayCakeCandlesSolution\BirthdayCakeCandlesSolution.csproj", "{9125D8B6-534A-41CC-8CE8-36D6AA40BE8B}"
EndProject
Project("{2150E333-8FDC-42A3-9474-1A3956D46DE8}") = "TimeConversion", "TimeConversion", "{42C956D5-54F2-408E-B657-F35F261D6D57}"
EndProject
Project("{FAE04EC0-301F-11D3-BF4B-00C04F79EFBC}") = "TimeConversionSolution", "TimeConversionSolution]\TimeConversionSolution.csproj", "{FD745D21-F7BB-4BA2-B59B-287BB7E697C5}"
EndProject
Global
	GlobalSection(SolutionConfigurationPlatforms) = preSolution
		Debug|Any CPU = Debug|Any CPU
		Release|Any CPU = Release|Any CPU
	EndGlobalSection
	GlobalSection(ProjectConfigurationPlatforms) = postSolution
		{22659B9E-A69A-403C-BF61-5FBCCE6DD4E2}.Debug|Any CPU.ActiveCfg = Debug|Any CPU
		{22659B9E-A69A-403C-BF61-5FBCCE6DD4E2}.Debug|Any CPU.Build.0 = Debug|Any CPU
		{22659B9E-A69A-403C-BF61-5FBCCE6DD4E2}.Release|Any CPU.ActiveCfg = Release|Any CPU
		{22659B9E-A69A-403C-BF61-5FBCCE6DD4E2}.Release|Any CPU.Build.0 = Release|Any CPU
		{5BFEEB7D-52DA-4AF6-AC56-43E76F55677F}.Debug|Any CPU.ActiveCfg = Debug|Any CPU
		{5BFEEB7D-52DA-4AF6-AC56-43E76F55677F}.Debug|Any CPU.Build.0 = Debug|Any CPU
		{5BFEEB7D-52DA-4AF6-AC56-43E76F55677F}.Release|Any CPU.ActiveCfg = Release|Any CPU
		{5BFEEB7D-52DA-4AF6-AC56-43E76F55677F}.Release|Any CPU.Build.0 = Release|Any CPU
		{E5EB8517-7B9C-4C8C-BBD3-06173E00A905}.Debug|Any CPU.ActiveCfg = Debug|Any CPU
		{E5EB8517-7B9C-4C8C-BBD3-06173E00A905}.Debug|Any CPU.Build.0 = Debug|Any CPU
		{E5EB8517-7B9C-4C8C-BBD3-06173E00A905}.Release|Any CPU.ActiveCfg = Release|Any CPU
		{E5EB8517-7B9C-4C8C-BBD3-06173E00A905}.Release|Any CPU.Build.0 = Release|Any CPU
		{5467DC05-A631-4810-8347-ED199875C852}.Debug|Any CPU.ActiveCfg = Debug|Any CPU
		{5467DC05-A631-4810-8347-ED199875C852}.Debug|Any CPU.Build.0 = Debug|Any CPU
		{5467DC05-A631-4810-8347-ED199875C852}.Release|Any CPU.ActiveCfg = Release|Any CPU
		{5467DC05-A631-4810-8347-ED199875C852}.Release|Any CPU.Build.0 = Release|Any CPU
		{F3E7BA2E-917C-4052-856A-C26CE9A8F84C}.Debug|Any CPU.ActiveCfg = Debug|Any CPU
		{F3E7BA2E-917C-4052-856A-C26CE9A8F84C}.Debug|Any CPU.Build.0 = Debug|Any CPU
		{F3E7BA2E-917C-4052-856A-C26CE9A8F84C}.Release|Any CPU.ActiveCfg = Release|Any CPU
		{F3E7BA2E-917C-4052-856A-C26CE9A8F84C}.Release|Any CPU.Build.0 = Release|Any CPU
		{63CF3EA1-972C-4A12-B901-2FD1EB8ABADB}.Debug|Any CPU.ActiveCfg = Debug|Any CPU
		{63CF3EA1-972C-4A12-B901-2FD1EB8ABADB}.Debug|Any CPU.Build.0 = Debug|Any CPU
		{63CF3EA1-972C-4A12-B901-2FD1EB8ABADB}.Release|Any CPU.ActiveCfg = Release|Any CPU
		{63CF3EA1-972C-4A12-B901-2FD1EB8ABADB}.Release|Any CPU.Build.0 = Release|Any CPU
		{7A347F01-0E44-4BB3-9CB3-AA7C2D513C32}.Debug|Any CPU.ActiveCfg = Debug|Any CPU
		{7A347F01-0E44-4BB3-9CB3-AA7C2D513C32}.Debug|Any CPU.Build.0 = Debug|Any CPU
		{7A347F01-0E44-4BB3-9CB3-AA7C2D513C32}.Release|Any CPU.ActiveCfg = Release|Any CPU
		{7A347F01-0E44-4BB3-9CB3-AA7C2D513C32}.Release|Any CPU.Build.0 = Release|Any CPU
		{1D402973-B493-4A76-9271-83CFA541665C}.Debug|Any CPU.ActiveCfg = Debug|Any CPU
		{1D402973-B493-4A76-9271-83CFA541665C}.Debug|Any CPU.Build.0 = Debug|Any CPU
		{1D402973-B493-4A76-9271-83CFA541665C}.Release|Any CPU.ActiveCfg = Release|Any CPU
		{1D402973-B493-4A76-9271-83CFA541665C}.Release|Any CPU.Build.0 = Release|Any CPU
		{9125D8B6-534A-41CC-8CE8-36D6AA40BE8B}.Debug|Any CPU.ActiveCfg = Debug|Any CPU
		{9125D8B6-534A-41CC-8CE8-36D6AA40BE8B}.Debug|Any CPU.Build.0 = Debug|Any CPU
		{9125D8B6-534A-41CC-8CE8-36D6AA40BE8B}.Release|Any CPU.ActiveCfg = Release|Any CPU
		{9125D8B6-534A-41CC-8CE8-36D6AA40BE8B}.Release|Any CPU.Build.0 = Release|Any CPU
		{FD745D21-F7BB-4BA2-B59B-287BB7E697C5}.Debug|Any CPU.ActiveCfg = Debug|Any CPU
		{FD745D21-F7BB-4BA2-B59B-287BB7E697C5}.Debug|Any CPU.Build.0 = Debug|Any CPU
		{FD745D21-F7BB-4BA2-B59B-287BB7E697C5}.Release|Any CPU.ActiveCfg = Release|Any CPU
		{FD745D21-F7BB-4BA2-B59B-287BB7E697C5}.Release|Any CPU.Build.0 = Release|Any CPU
	EndGlobalSection
	GlobalSection(SolutionProperties) = preSolution
		HideSolutionNode = FALSE
	EndGlobalSection
	GlobalSection(NestedProjects) = preSolution
		{13E879A4-7E5D-4306-9571-A9629771C182} = {BE57B8EF-677D-4D09-B076-D7766373A3C4}
		{22659B9E-A69A-403C-BF61-5FBCCE6DD4E2} = {13E879A4-7E5D-4306-9571-A9629771C182}
		{159DBC8F-9F52-4B7D-97AA-F7F3F1AF9B5A} = {BE57B8EF-677D-4D09-B076-D7766373A3C4}
		{5BFEEB7D-52DA-4AF6-AC56-43E76F55677F} = {159DBC8F-9F52-4B7D-97AA-F7F3F1AF9B5A}
		{7557090B-806E-4D6D-98E4-45D2D4FE62E9} = {BE57B8EF-677D-4D09-B076-D7766373A3C4}
		{E5EB8517-7B9C-4C8C-BBD3-06173E00A905} = {7557090B-806E-4D6D-98E4-45D2D4FE62E9}
		{B6ECED1A-7D89-4DE3-9F76-07F7A8DA7B1A} = {BE57B8EF-677D-4D09-B076-D7766373A3C4}
		{5467DC05-A631-4810-8347-ED199875C852} = {B6ECED1A-7D89-4DE3-9F76-07F7A8DA7B1A}
		{8341FAE6-EA88-48FA-A055-BCE8173295A9} = {BE57B8EF-677D-4D09-B076-D7766373A3C4}
		{F3E7BA2E-917C-4052-856A-C26CE9A8F84C} = {8341FAE6-EA88-48FA-A055-BCE8173295A9}
		{0A480A08-2856-45AD-89A6-8BE4628F247D} = {BE57B8EF-677D-4D09-B076-D7766373A3C4}
		{63CF3EA1-972C-4A12-B901-2FD1EB8ABADB} = {0A480A08-2856-45AD-89A6-8BE4628F247D}
		{80A1E642-9475-46E9-9DE2-16FA4FEBAFD0} = {BE57B8EF-677D-4D09-B076-D7766373A3C4}
		{7A347F01-0E44-4BB3-9CB3-AA7C2D513C32} = {80A1E642-9475-46E9-9DE2-16FA4FEBAFD0}
		{9F853E52-DAC1-482F-BA7A-6370B8FF0300} = {BE57B8EF-677D-4D09-B076-D7766373A3C4}
		{1D402973-B493-4A76-9271-83CFA541665C} = {9F853E52-DAC1-482F-BA7A-6370B8FF0300}
		{3E06CEDC-F832-4817-8DC1-A5F3DE0A2A71} = {BE57B8EF-677D-4D09-B076-D7766373A3C4}
		{9125D8B6-534A-41CC-8CE8-36D6AA40BE8B} = {3E06CEDC-F832-4817-8DC1-A5F3DE0A2A71}
		{42C956D5-54F2-408E-B657-F35F261D6D57} = {BE57B8EF-677D-4D09-B076-D7766373A3C4}
		{FD745D21-F7BB-4BA2-B59B-287BB7E697C5} = {42C956D5-54F2-408E-B657-F35F261D6D57}
	EndGlobalSection
	GlobalSection(ExtensibilityGlobals) = postSolution
		SolutionGuid = {85DDE337-0119-4C7D-A696-C08B4735282B}
	EndGlobalSection
EndGlobal
