
Microsoft Visual Studio Solution File, Format Version 12.00
# Visual Studio 15
VisualStudioVersion = 15.0.27130.2036
MinimumVisualStudioVersion = 10.0.40219.1
Project("{2150E333-8FDC-42A3-9474-1A3956D46DE8}") = "0. WarmUp", "0. WarmUp", "{BE57B8EF-677D-4D09-B076-D7766373A3C4}"
EndProject
Project("{2150E333-8FDC-42A3-9474-1A3956D46DE8}") = "SolveMeFirst", "SolveMeFirst", "{13E879A4-7E5D-4306-9571-A9629771C182}"
EndProject
Project("{9A19103F-16F7-4668-BE54-9A1E7A4F7556}") = "SolveMeFirstSolution", "SolveMeFirstSolution\SolveMeFirstSolution.csproj", "{22659B9E-A69A-403C-BF61-5FBCCE6DD4E2}"
EndProject
Project("{2150E333-8FDC-42A3-9474-1A3956D46DE8}") = "SimpleArraySum", "SimpleArraySum", "{159DBC8F-9F52-4B7D-97AA-F7F3F1AF9B5A}"
EndProject
Project("{9A19103F-16F7-4668-BE54-9A1E7A4F7556}") = "SimpleArraySumSolution", "SimpleArraySumSolution\SimpleArraySumSolution.csproj", "{5BFEEB7D-52DA-4AF6-AC56-43E76F55677F}"
EndProject
Project("{2150E333-8FDC-42A3-9474-1A3956D46DE8}") = "CompareTheTriplets", "CompareTheTriplets", "{7557090B-806E-4D6D-98E4-45D2D4FE62E9}"
EndProject
Project("{9A19103F-16F7-4668-BE54-9A1E7A4F7556}") = "CompareTheTripletsSolution", "CompareTheTripletsSolution\CompareTheTripletsSolution.csproj", "{E5EB8517-7B9C-4C8C-BBD3-06173E00A905}"
EndProject
Project("{2150E333-8FDC-42A3-9474-1A3956D46DE8}") = "AVeryBigSum", "AVeryBigSum", "{B6ECED1A-7D89-4DE3-9F76-07F7A8DA7B1A}"
EndProject
Project("{9A19103F-16F7-4668-BE54-9A1E7A4F7556}") = "AVeryBigSumSolution", "AVeryBigSumSolution\AVeryBigSumSolution.csproj", "{5467DC05-A631-4810-8347-ED199875C852}"
EndProject
Project("{2150E333-8FDC-42A3-9474-1A3956D46DE8}") = "DiagonalDifference", "DiagonalDifference", "{8341FAE6-EA88-48FA-A055-BCE8173295A9}"
EndProject
Project("{9A19103F-16F7-4668-BE54-9A1E7A4F7556}") = "DiagonalDifferenceSolution", "DiagonalDifferenceSolution\DiagonalDifferenceSolution.csproj", "{F3E7BA2E-917C-4052-856A-C26CE9A8F84C}"
EndProject
Project("{2150E333-8FDC-42A3-9474-1A3956D46DE8}") = "PlusMinus", "PlusMinus", "{0A480A08-2856-45AD-89A6-8BE4628F247D}"
EndProject
Project("{9A19103F-16F7-4668-BE54-9A1E7A4F7556}") = "PlusMinusSolution", "PlusMinusSolution]]\PlusMinusSolution.csproj", "{63CF3EA1-972C-4A12-B901-2FD1EB8ABADB}"
EndProject
Project("{2150E333-8FDC-42A3-9474-1A3956D46DE8}") = "Staircase", "Staircase", "{80A1E642-9475-46E9-9DE2-16FA4FEBAFD0}"
EndProject
Project("{9A19103F-16F7-4668-BE54-9A1E7A4F7556}") = "StaircaseSolution", "StaircaseSolution\StaircaseSolution.csproj", "{7A347F01-0E44-4BB3-9CB3-AA7C2D513C32}"
EndProject
Project("{2150E333-8FDC-42A3-9474-1A3956D46DE8}") = "MiniMaxSum", "MiniMaxSum", "{9F853E52-DAC1-482F-BA7A-6370B8FF0300}"
EndProject
Project("{9A19103F-16F7-4668-BE54-9A1E7A4F7556}") = "MiniMaxSumSolution", "MiniMaxSumSolution\MiniMaxSumSolution.csproj", "{1D402973-B493-4A76-9271-83CFA541665C}"
EndProject
Project("{2150E333-8FDC-42A3-9474-1A3956D46DE8}") = "BirthdayCakeCandles", "BirthdayCakeCandles", "{3E06CEDC-F832-4817-8DC1-A5F3DE0A2A71}"
EndProject
Project("{9A19103F-16F7-4668-BE54-9A1E7A4F7556}") = "BirthdayCakeCandlesSolution", "BirthdayCakeCandlesSolution\BirthdayCakeCandlesSolution.csproj", "{9125D8B6-534A-41CC-8CE8-36D6AA40BE8B}"
EndProject
Project("{2150E333-8FDC-42A3-9474-1A3956D46DE8}") = "TimeConversion", "TimeConversion", "{42C956D5-54F2-408E-B657-F35F261D6D57}"
EndProject
Project("{9A19103F-16F7-4668-BE54-9A1E7A4F7556}") = "TimeConversionSolution", "TimeConversionSolution]\TimeConversionSolution.csproj", "{FD745D21-F7BB-4BA2-B59B-287BB7E697C5}"
EndProject
Project("{2150E333-8FDC-42A3-9474-1A3956D46DE8}") = "01. Implementation", "01. Implementation", "{6A573B94-495E-4209-90E5-F0FD83A2B30F}"
EndProject
Project("{2150E333-8FDC-42A3-9474-1A3956D46DE8}") = "GradingStudents", "GradingStudents", "{A19670A5-EA16-489C-BCB0-9B5FD141A589}"
EndProject
Project("{2150E333-8FDC-42A3-9474-1A3956D46DE8}") = "AppleAndOrange", "AppleAndOrange", "{5978E2B4-1BC7-486C-824F-AAA58788F2B6}"
EndProject
Project("{2150E333-8FDC-42A3-9474-1A3956D46DE8}") = "Kangaroo", "Kangaroo", "{30E86B35-E71D-4690-A62E-43A8BB4DFCE5}"
EndProject
Project("{2150E333-8FDC-42A3-9474-1A3956D46DE8}") = "BetweenTwoSets", "BetweenTwoSets", "{3F36A6B2-6AE5-4B04-BE1D-F19443A48AA2}"
EndProject
Project("{2150E333-8FDC-42A3-9474-1A3956D46DE8}") = "BreakingTheRecords", "BreakingTheRecords", "{063823CC-F9D8-4801-B906-5215D517EA28}"
EndProject
Project("{2150E333-8FDC-42A3-9474-1A3956D46DE8}") = "BirthdayChocolate", "BirthdayChocolate", "{83E92C8C-210E-4853-8368-694CFCC5DFE1}"
EndProject
Project("{2150E333-8FDC-42A3-9474-1A3956D46DE8}") = "DivisibleSumPairs", "DivisibleSumPairs", "{4016CE2E-CE27-4BC9-9C7A-5DE1CB5D0A6E}"
EndProject
Project("{2150E333-8FDC-42A3-9474-1A3956D46DE8}") = "MigratoryBirds", "MigratoryBirds", "{63951A9F-6D1B-4DF9-A40D-71C1C0F5F680}"
EndProject
Project("{2150E333-8FDC-42A3-9474-1A3956D46DE8}") = "DayOfTheProgrammer", "DayOfTheProgrammer", "{57B62C3A-85D8-4B20-9CB7-31E50F5CC863}"
EndProject
Project("{2150E333-8FDC-42A3-9474-1A3956D46DE8}") = "BonAppetit", "BonAppetit", "{716945BC-5D4B-4BF9-B7D3-9FA409BCFAB0}"
EndProject
Project("{9A19103F-16F7-4668-BE54-9A1E7A4F7556}") = "GradingStudentsSolution", "GradingStudentsSolution\GradingStudentsSolution.csproj", "{DDA81329-B2F4-4A1B-9413-257833BF8F11}"
EndProject
Project("{9A19103F-16F7-4668-BE54-9A1E7A4F7556}") = "AppleAndOrangeSolution", "AppleAndOrangeSolution\AppleAndOrangeSolution.csproj", "{4BC0C2E6-A4C7-471A-A582-9969229D923C}"
EndProject
Project("{9A19103F-16F7-4668-BE54-9A1E7A4F7556}") = "BetweenTwoSetsSolution", "BetweenTwoSetsSolution\BetweenTwoSetsSolution.csproj", "{BF43B09F-5F8C-47D9-9A16-4E209A03F98C}"
EndProject
Project("{9A19103F-16F7-4668-BE54-9A1E7A4F7556}") = "BirthdayChocolateSolution", "BirthdayChocolateSolution\BirthdayChocolateSolution.csproj", "{D93FA6DC-F3DE-44D3-AAEE-EFE4558EC11C}"
EndProject
Project("{9A19103F-16F7-4668-BE54-9A1E7A4F7556}") = "BonAppetitSolution", "BonAppetitSolution\BonAppetitSolution.csproj", "{73D6D72E-B040-468E-B072-8E46CE6DE5C7}"
EndProject
Project("{9A19103F-16F7-4668-BE54-9A1E7A4F7556}") = "BreakingTheRecordsSolution", "BreakingTheRecordsSolution\BreakingTheRecordsSolution.csproj", "{3E74E3F4-6FF4-4C9D-9F94-998789BEC883}"
EndProject
Project("{9A19103F-16F7-4668-BE54-9A1E7A4F7556}") = "DayOfTheProgrammerSolution", "DayOfTheProgrammerSolution\DayOfTheProgrammerSolution.csproj", "{36D07624-DDB5-4ED6-BCCB-B2AA49BB9E60}"
EndProject
Project("{9A19103F-16F7-4668-BE54-9A1E7A4F7556}") = "DivisibleSumPairsSolution", "DivisibleSumPairsSolution\DivisibleSumPairsSolution.csproj", "{570DC12D-7BEA-4874-88E0-94DD5A4DD3D0}"
EndProject
Project("{9A19103F-16F7-4668-BE54-9A1E7A4F7556}") = "KangarooSolution", "KangarooSolution\KangarooSolution.csproj", "{44DFDDC3-0BD1-4DAC-9EDC-2FAE5A60EEEF}"
EndProject
Project("{9A19103F-16F7-4668-BE54-9A1E7A4F7556}") = "MigratoryBirdsSolution", "MigratoryBirdsSolution\MigratoryBirdsSolution.csproj", "{88591A9A-26C9-45F9-B98B-193B3F08862E}"
EndProject
Project("{2150E333-8FDC-42A3-9474-1A3956D46DE8}") = "ExtraLongFactorials", "ExtraLongFactorials", "{24101278-B7AC-4E4D-A6FE-A946F9A9913A}"
EndProject
Project("{9A19103F-16F7-4668-BE54-9A1E7A4F7556}") = "ExtraLongFactorialsSolution", "ExtraLongFactorialsSolution\ExtraLongFactorialsSolution.csproj", "{0CB231D2-61C8-4E5D-B48D-637E63C4F6DC}"
EndProject
Project("{2150E333-8FDC-42A3-9474-1A3956D46DE8}") = "NonDivisibleSubset", "NonDivisibleSubset", "{F5B80905-2AD1-4363-A3AD-B86310149901}"
EndProject
Project("{9A19103F-16F7-4668-BE54-9A1E7A4F7556}") = "NonDivisibleSubsetSolution", "NonDivisibleSubsetSolution\NonDivisibleSubsetSolution.csproj", "{9CEEA1F9-931B-4B7C-85E5-C9BB79CBAA09}"
EndProject
Project("{2150E333-8FDC-42A3-9474-1A3956D46DE8}") = "QueensAttackTwo", "QueensAttackTwo", "{6343D1AB-9408-42CE-B2F3-4D5EF6BD9CE8}"
EndProject
Project("{9A19103F-16F7-4668-BE54-9A1E7A4F7556}") = "QueensAttackTwoSolution", "QueensAttackTwoSolution\QueensAttackTwoSolution.csproj", "{30C35246-C5B3-4580-A66E-319FF1EE5C9B}"
EndProject
Project("{2150E333-8FDC-42A3-9474-1A3956D46DE8}") = "Encryption", "Encryption", "{F0C533C7-DCDD-440E-953E-CABD9C2352DE}"
EndProject
Project("{9A19103F-16F7-4668-BE54-9A1E7A4F7556}") = "EncryptionSolution", "EncryptionSolution\EncryptionSolution.csproj", "{11AC8954-3953-4840-A467-52AE769D074E}"
EndProject
Project("{2150E333-8FDC-42A3-9474-1A3956D46DE8}") = "02. Strings", "02. Strings", "{A28B9760-B527-4FCE-B594-85D749B7CD44}"
EndProject
Project("{2150E333-8FDC-42A3-9474-1A3956D46DE8}") = "SuperReducedString", "SuperReducedString", "{048461E6-9B35-4B33-AAC1-EAC2A162D74B}"
EndProject
Project("{2150E333-8FDC-42A3-9474-1A3956D46DE8}") = "CamelCase", "CamelCase", "{8BA829B6-5B3C-47F9-B288-A2FE840AB4F2}"
EndProject
Project("{2150E333-8FDC-42A3-9474-1A3956D46DE8}") = "TwoCharacters", "TwoCharacters", "{685F3A04-C2C3-42ED-A571-0DF040133F07}"
EndProject
Project("{2150E333-8FDC-42A3-9474-1A3956D46DE8}") = "CaesarCipher", "CaesarCipher", "{02A0E6E9-47A2-404D-922D-82CF873980F8}"
EndProject
Project("{2150E333-8FDC-42A3-9474-1A3956D46DE8}") = "MarsExploration", "MarsExploration", "{C8077511-F0D0-45BA-A93B-B24354E7F135}"
EndProject
Project("{2150E333-8FDC-42A3-9474-1A3956D46DE8}") = "HackerRankInAString", "HackerRankInAString", "{98171F69-FB75-4D40-AF44-80271AB9DC12}"
EndProject
Project("{2150E333-8FDC-42A3-9474-1A3956D46DE8}") = "Pangrams", "Pangrams", "{EE6349A6-0935-437E-83E4-3AC37119A5C1}"
EndProject
Project("{2150E333-8FDC-42A3-9474-1A3956D46DE8}") = "WeightedUniformStrings", "WeightedUniformStrings", "{3B04C2FF-43D8-4E9F-A068-9BC1D2737406}"
EndProject
Project("{2150E333-8FDC-42A3-9474-1A3956D46DE8}") = "SeparateTheNumbers", "SeparateTheNumbers", "{464BE11F-B197-4D06-97DE-926833562CD2}"
EndProject
Project("{2150E333-8FDC-42A3-9474-1A3956D46DE8}") = "FunnyString", "FunnyString", "{AE615805-38FB-495D-8D36-B59C3E7A0E97}"
EndProject
Project("{9A19103F-16F7-4668-BE54-9A1E7A4F7556}") = "CaesarCipherSolution", "CaesarCipherSolution\CaesarCipherSolution.csproj", "{BAB49DE0-99C9-43BC-8473-FE25392497D0}"
EndProject
Project("{9A19103F-16F7-4668-BE54-9A1E7A4F7556}") = "CamelCaseSolution", "CamelCaseSolution\CamelCaseSolution.csproj", "{528C7CE4-B92A-451F-B3C8-F252116502D6}"
EndProject
Project("{9A19103F-16F7-4668-BE54-9A1E7A4F7556}") = "FunnyStringSolution", "FunnyStringSolution\FunnyStringSolution.csproj", "{345B1F9B-AAE6-4E47-B6BF-F95F0ED07E11}"
EndProject
Project("{9A19103F-16F7-4668-BE54-9A1E7A4F7556}") = "HackerRankInAStringSolution", "HackerRankInAStringSolution\HackerRankInAStringSolution.csproj", "{2E0173B9-97F7-4FE4-8B5F-6CFB73100018}"
EndProject
Project("{9A19103F-16F7-4668-BE54-9A1E7A4F7556}") = "MarsExplorationSolution", "MarsExplorationSolution\MarsExplorationSolution.csproj", "{68AFED47-01DE-4CE6-8971-D37D44D68E3F}"
EndProject
Project("{9A19103F-16F7-4668-BE54-9A1E7A4F7556}") = "PangramsSolution", "PangramsSolution\PangramsSolution.csproj", "{BCFF5D34-1A7A-4EBC-8987-7704A73A103B}"
EndProject
Project("{9A19103F-16F7-4668-BE54-9A1E7A4F7556}") = "SeparateTheNumbersSolution", "SeparateTheNumbersSolution\SeparateTheNumbersSolution.csproj", "{31A369AB-44B5-46F1-833F-48F8BCFA0E69}"
EndProject
Project("{9A19103F-16F7-4668-BE54-9A1E7A4F7556}") = "SuperReducedStringSolution", "SuperReducedStringSolution\SuperReducedStringSolution.csproj", "{8BAD10FC-ABA7-44DF-83EA-9B35C9C8FC83}"
EndProject
Project("{9A19103F-16F7-4668-BE54-9A1E7A4F7556}") = "TwoCharactersSolution", "TwoCharactersSolution\TwoCharactersSolution.csproj", "{FACBF21B-0DEA-4521-B08C-F44F0DDCE163}"
EndProject
Project("{9A19103F-16F7-4668-BE54-9A1E7A4F7556}") = "WeightedUniformStringsSolution", "WeightedUniformStringsSolution\WeightedUniformStringsSolution.csproj", "{6BEC977E-E436-46A6-9FA2-DE016A531C0E}"
EndProject
Project("{2150E333-8FDC-42A3-9474-1A3956D46DE8}") = "SherlockAndTheValidString", "SherlockAndTheValidString", "{4CBBD66B-6BB9-4B43-82F0-3EB6C8291312}"
EndProject
Project("{9A19103F-16F7-4668-BE54-9A1E7A4F7556}") = "SherlockAndTheValidStringSolution", "SherlockAndTheValidStringSolution\SherlockAndTheValidStringSolution.csproj", "{B97D1B1C-5CA9-4487-8051-F5516E2ECEDA}"
EndProject
Project("{2150E333-8FDC-42A3-9474-1A3956D46DE8}") = "03. Sorting", "03. Sorting", "{6F4D953D-750D-49EA-8BA8-1B1B01E18526}"
EndProject
Project("{2150E333-8FDC-42A3-9474-1A3956D46DE8}") = "Big Sorting", "Big Sorting", "{6F674A02-F957-4D94-8C79-09C6FED7911D}"
EndProject
Project("{9A19103F-16F7-4668-BE54-9A1E7A4F7556}") = "BigSorting", "BigSorting\BigSorting.csproj", "{1EA7BB2A-EC6C-41B3-AAF7-018F315354DF}"
EndProject
Project("{2150E333-8FDC-42A3-9474-1A3956D46DE8}") = "Tutorial Intro Problem", "Tutorial Intro Problem", "{0A1273B0-9AB5-4624-B40A-0B11E3691C4E}"
EndProject
Project("{9A19103F-16F7-4668-BE54-9A1E7A4F7556}") = "TutorialIntroProblem", "TutorialIntroProblem\TutorialIntroProblem.csproj", "{B46B5447-7806-4C6A-ACA9-2A1D57A72172}"
EndProject
Project("{2150E333-8FDC-42A3-9474-1A3956D46DE8}") = "Insertion Sort Part 1", "Insertion Sort Part 1", "{78644BB3-9949-4E60-9EAE-22FC91E3CFD4}"
EndProject
Project("{9A19103F-16F7-4668-BE54-9A1E7A4F7556}") = "InsertionSortFirstPart", "InsertionSortFirstPart\InsertionSortFirstPart.csproj", "{E3ACA504-BB4C-4333-9D05-C2BA71978F3E}"
EndProject
Project("{2150E333-8FDC-42A3-9474-1A3956D46DE8}") = "Insertion Sort Part 2", "Insertion Sort Part 2", "{CFD7090A-EA29-4230-9769-5243BFFC5025}"
EndProject
Project("{9A19103F-16F7-4668-BE54-9A1E7A4F7556}") = "InsertionSortPart2", "InsertionSortPart2\InsertionSortPart2.csproj", "{F64C3976-338C-4053-A30A-1B214BEC4F80}"
EndProject
Project("{2150E333-8FDC-42A3-9474-1A3956D46DE8}") = "Correctness Loop Invariant", "Correctness Loop Invariant", "{0BCC6BBD-4E0B-4D69-8011-7B26DCD4E657}"
EndProject
Project("{9A19103F-16F7-4668-BE54-9A1E7A4F7556}") = "CorrectnessLoopInvariant", "CorrectnessLoopInvariant\CorrectnessLoopInvariant.csproj", "{E68F9B87-8932-41CF-8BC9-05988C5452DF}"
EndProject
Project("{2150E333-8FDC-42A3-9474-1A3956D46DE8}") = "Quick Sort Partition One", "Quick Sort Partition One", "{144E2258-39E3-4049-A276-E7BF1217AC55}"
EndProject
Project("{9A19103F-16F7-4668-BE54-9A1E7A4F7556}") = "QuickSortPartitionOne", "QuickSortPartitionOne\QuickSortPartitionOne.csproj", "{8432AE05-04C1-4B5D-80BD-362A45870F23}"
EndProject
Project("{2150E333-8FDC-42A3-9474-1A3956D46DE8}") = "Counting Sort 1", "Counting Sort 1", "{779FBDA4-6C46-47DA-B028-A8A9B8468B72}"
EndProject
Project("{9A19103F-16F7-4668-BE54-9A1E7A4F7556}") = "CountingSortFirst", "CountingSortFirst\CountingSortFirst.csproj", "{23302BE3-D3C6-4087-ABAE-B640EACD525B}"
EndProject
Project("{2150E333-8FDC-42A3-9474-1A3956D46DE8}") = "Counting Sort 2", "Counting Sort 2", "{F2CAFCE3-CCFB-40E6-90CF-D26E360E7743}"
EndProject
Project("{9A19103F-16F7-4668-BE54-9A1E7A4F7556}") = "CountingSortSecond", "CountingSortSecond\CountingSortSecond.csproj", "{A7575285-A70C-4605-9039-41822575FB15}"
EndProject
Project("{2150E333-8FDC-42A3-9474-1A3956D46DE8}") = "The Full Counting Sort", "The Full Counting Sort", "{4D64F95B-70A2-4250-AABF-2A392EBF2707}"
EndProject
Project("{9A19103F-16F7-4668-BE54-9A1E7A4F7556}") = "TheFullCountingSort", "TheFullCountingSort\TheFullCountingSort.csproj", "{444B5E18-BBF7-4918-9EC5-36105F0342DB}"
EndProject
Project("{2150E333-8FDC-42A3-9474-1A3956D46DE8}") = "Closest Numbers", "Closest Numbers", "{8B32B0CA-20FC-40C1-B925-31A55BA7F3C9}"
EndProject
Project("{9A19103F-16F7-4668-BE54-9A1E7A4F7556}") = "ClosestNumbers", "ClosestNumbers\ClosestNumbers.csproj", "{8100A9A0-5591-4A38-918E-1EB24FC651AF}"
EndProject
Project("{2150E333-8FDC-42A3-9474-1A3956D46DE8}") = "Find the Median", "Find the Median", "{40DF5E92-22A2-4770-8E2C-241B3B919103}"
EndProject
Project("{9A19103F-16F7-4668-BE54-9A1E7A4F7556}") = "FindTheMedian", "FindTheMedian\FindTheMedian.csproj", "{997F5B59-C224-4A88-B123-B82015B6AA09}"
EndProject
Project("{2150E333-8FDC-42A3-9474-1A3956D46DE8}") = "Fraudulent Activity Notifications", "Fraudulent Activity Notifications", "{577D136B-2B48-45B8-9E54-628797C5FCE1}"
EndProject
Project("{9A19103F-16F7-4668-BE54-9A1E7A4F7556}") = "FraudulentActivityNotifications", "FraudulentActivityNotifications\FraudulentActivityNotifications.csproj", "{CD41B4FE-F726-45F3-81DA-9F851EF5599F}"
EndProject
Project("{2150E333-8FDC-42A3-9474-1A3956D46DE8}") = "04. Search", "04. Search", "{6BF62DA5-1C61-4AC6-84C3-E05C4839D9BF}"
EndProject
Project("{9A19103F-16F7-4668-BE54-9A1E7A4F7556}") = "HackerlandRadioTransmitters", "HackerlandRadioTransmitters\HackerlandRadioTransmitters.csproj", "{5D400628-C85A-45AE-8FD7-8C3B952A65D9}"
EndProject
Project("{FAE04EC0-301F-11D3-BF4B-00C04F79EFBC}") = "IceCreamParlor", "IceCreamParlor\IceCreamParlor.csproj", "{69585080-AF31-4646-BD35-398DC1D3CEC2}"
EndProject
Project("{FAE04EC0-301F-11D3-BF4B-00C04F79EFBC}") = "MissingNumbers", "MissingNumbers\MissingNumbers.csproj", "{FA8B2A58-CB3F-4B98-A1C2-BB6A8E303878}"
EndProject
Global
	GlobalSection(SolutionConfigurationPlatforms) = preSolution
		Debug|Any CPU = Debug|Any CPU
		Release|Any CPU = Release|Any CPU
	EndGlobalSection
	GlobalSection(ProjectConfigurationPlatforms) = postSolution
		{22659B9E-A69A-403C-BF61-5FBCCE6DD4E2}.Debug|Any CPU.ActiveCfg = Debug|Any CPU
		{22659B9E-A69A-403C-BF61-5FBCCE6DD4E2}.Debug|Any CPU.Build.0 = Debug|Any CPU
		{22659B9E-A69A-403C-BF61-5FBCCE6DD4E2}.Release|Any CPU.ActiveCfg = Release|Any CPU
		{22659B9E-A69A-403C-BF61-5FBCCE6DD4E2}.Release|Any CPU.Build.0 = Release|Any CPU
		{5BFEEB7D-52DA-4AF6-AC56-43E76F55677F}.Debug|Any CPU.ActiveCfg = Debug|Any CPU
		{5BFEEB7D-52DA-4AF6-AC56-43E76F55677F}.Debug|Any CPU.Build.0 = Debug|Any CPU
		{5BFEEB7D-52DA-4AF6-AC56-43E76F55677F}.Release|Any CPU.ActiveCfg = Release|Any CPU
		{5BFEEB7D-52DA-4AF6-AC56-43E76F55677F}.Release|Any CPU.Build.0 = Release|Any CPU
		{E5EB8517-7B9C-4C8C-BBD3-06173E00A905}.Debug|Any CPU.ActiveCfg = Debug|Any CPU
		{E5EB8517-7B9C-4C8C-BBD3-06173E00A905}.Debug|Any CPU.Build.0 = Debug|Any CPU
		{E5EB8517-7B9C-4C8C-BBD3-06173E00A905}.Release|Any CPU.ActiveCfg = Release|Any CPU
		{E5EB8517-7B9C-4C8C-BBD3-06173E00A905}.Release|Any CPU.Build.0 = Release|Any CPU
		{5467DC05-A631-4810-8347-ED199875C852}.Debug|Any CPU.ActiveCfg = Debug|Any CPU
		{5467DC05-A631-4810-8347-ED199875C852}.Debug|Any CPU.Build.0 = Debug|Any CPU
		{5467DC05-A631-4810-8347-ED199875C852}.Release|Any CPU.ActiveCfg = Release|Any CPU
		{5467DC05-A631-4810-8347-ED199875C852}.Release|Any CPU.Build.0 = Release|Any CPU
		{F3E7BA2E-917C-4052-856A-C26CE9A8F84C}.Debug|Any CPU.ActiveCfg = Debug|Any CPU
		{F3E7BA2E-917C-4052-856A-C26CE9A8F84C}.Debug|Any CPU.Build.0 = Debug|Any CPU
		{F3E7BA2E-917C-4052-856A-C26CE9A8F84C}.Release|Any CPU.ActiveCfg = Release|Any CPU
		{F3E7BA2E-917C-4052-856A-C26CE9A8F84C}.Release|Any CPU.Build.0 = Release|Any CPU
		{63CF3EA1-972C-4A12-B901-2FD1EB8ABADB}.Debug|Any CPU.ActiveCfg = Debug|Any CPU
		{63CF3EA1-972C-4A12-B901-2FD1EB8ABADB}.Debug|Any CPU.Build.0 = Debug|Any CPU
		{63CF3EA1-972C-4A12-B901-2FD1EB8ABADB}.Release|Any CPU.ActiveCfg = Release|Any CPU
		{63CF3EA1-972C-4A12-B901-2FD1EB8ABADB}.Release|Any CPU.Build.0 = Release|Any CPU
		{7A347F01-0E44-4BB3-9CB3-AA7C2D513C32}.Debug|Any CPU.ActiveCfg = Debug|Any CPU
		{7A347F01-0E44-4BB3-9CB3-AA7C2D513C32}.Debug|Any CPU.Build.0 = Debug|Any CPU
		{7A347F01-0E44-4BB3-9CB3-AA7C2D513C32}.Release|Any CPU.ActiveCfg = Release|Any CPU
		{7A347F01-0E44-4BB3-9CB3-AA7C2D513C32}.Release|Any CPU.Build.0 = Release|Any CPU
		{1D402973-B493-4A76-9271-83CFA541665C}.Debug|Any CPU.ActiveCfg = Debug|Any CPU
		{1D402973-B493-4A76-9271-83CFA541665C}.Debug|Any CPU.Build.0 = Debug|Any CPU
		{1D402973-B493-4A76-9271-83CFA541665C}.Release|Any CPU.ActiveCfg = Release|Any CPU
		{1D402973-B493-4A76-9271-83CFA541665C}.Release|Any CPU.Build.0 = Release|Any CPU
		{9125D8B6-534A-41CC-8CE8-36D6AA40BE8B}.Debug|Any CPU.ActiveCfg = Debug|Any CPU
		{9125D8B6-534A-41CC-8CE8-36D6AA40BE8B}.Debug|Any CPU.Build.0 = Debug|Any CPU
		{9125D8B6-534A-41CC-8CE8-36D6AA40BE8B}.Release|Any CPU.ActiveCfg = Release|Any CPU
		{9125D8B6-534A-41CC-8CE8-36D6AA40BE8B}.Release|Any CPU.Build.0 = Release|Any CPU
		{FD745D21-F7BB-4BA2-B59B-287BB7E697C5}.Debug|Any CPU.ActiveCfg = Debug|Any CPU
		{FD745D21-F7BB-4BA2-B59B-287BB7E697C5}.Debug|Any CPU.Build.0 = Debug|Any CPU
		{FD745D21-F7BB-4BA2-B59B-287BB7E697C5}.Release|Any CPU.ActiveCfg = Release|Any CPU
		{FD745D21-F7BB-4BA2-B59B-287BB7E697C5}.Release|Any CPU.Build.0 = Release|Any CPU
		{DDA81329-B2F4-4A1B-9413-257833BF8F11}.Debug|Any CPU.ActiveCfg = Debug|Any CPU
		{DDA81329-B2F4-4A1B-9413-257833BF8F11}.Debug|Any CPU.Build.0 = Debug|Any CPU
		{DDA81329-B2F4-4A1B-9413-257833BF8F11}.Release|Any CPU.ActiveCfg = Release|Any CPU
		{DDA81329-B2F4-4A1B-9413-257833BF8F11}.Release|Any CPU.Build.0 = Release|Any CPU
		{4BC0C2E6-A4C7-471A-A582-9969229D923C}.Debug|Any CPU.ActiveCfg = Debug|Any CPU
		{4BC0C2E6-A4C7-471A-A582-9969229D923C}.Debug|Any CPU.Build.0 = Debug|Any CPU
		{4BC0C2E6-A4C7-471A-A582-9969229D923C}.Release|Any CPU.ActiveCfg = Release|Any CPU
		{4BC0C2E6-A4C7-471A-A582-9969229D923C}.Release|Any CPU.Build.0 = Release|Any CPU
		{BF43B09F-5F8C-47D9-9A16-4E209A03F98C}.Debug|Any CPU.ActiveCfg = Debug|Any CPU
		{BF43B09F-5F8C-47D9-9A16-4E209A03F98C}.Debug|Any CPU.Build.0 = Debug|Any CPU
		{BF43B09F-5F8C-47D9-9A16-4E209A03F98C}.Release|Any CPU.ActiveCfg = Release|Any CPU
		{BF43B09F-5F8C-47D9-9A16-4E209A03F98C}.Release|Any CPU.Build.0 = Release|Any CPU
		{D93FA6DC-F3DE-44D3-AAEE-EFE4558EC11C}.Debug|Any CPU.ActiveCfg = Debug|Any CPU
		{D93FA6DC-F3DE-44D3-AAEE-EFE4558EC11C}.Debug|Any CPU.Build.0 = Debug|Any CPU
		{D93FA6DC-F3DE-44D3-AAEE-EFE4558EC11C}.Release|Any CPU.ActiveCfg = Release|Any CPU
		{D93FA6DC-F3DE-44D3-AAEE-EFE4558EC11C}.Release|Any CPU.Build.0 = Release|Any CPU
		{73D6D72E-B040-468E-B072-8E46CE6DE5C7}.Debug|Any CPU.ActiveCfg = Debug|Any CPU
		{73D6D72E-B040-468E-B072-8E46CE6DE5C7}.Debug|Any CPU.Build.0 = Debug|Any CPU
		{73D6D72E-B040-468E-B072-8E46CE6DE5C7}.Release|Any CPU.ActiveCfg = Release|Any CPU
		{73D6D72E-B040-468E-B072-8E46CE6DE5C7}.Release|Any CPU.Build.0 = Release|Any CPU
		{3E74E3F4-6FF4-4C9D-9F94-998789BEC883}.Debug|Any CPU.ActiveCfg = Debug|Any CPU
		{3E74E3F4-6FF4-4C9D-9F94-998789BEC883}.Debug|Any CPU.Build.0 = Debug|Any CPU
		{3E74E3F4-6FF4-4C9D-9F94-998789BEC883}.Release|Any CPU.ActiveCfg = Release|Any CPU
		{3E74E3F4-6FF4-4C9D-9F94-998789BEC883}.Release|Any CPU.Build.0 = Release|Any CPU
		{36D07624-DDB5-4ED6-BCCB-B2AA49BB9E60}.Debug|Any CPU.ActiveCfg = Debug|Any CPU
		{36D07624-DDB5-4ED6-BCCB-B2AA49BB9E60}.Debug|Any CPU.Build.0 = Debug|Any CPU
		{36D07624-DDB5-4ED6-BCCB-B2AA49BB9E60}.Release|Any CPU.ActiveCfg = Release|Any CPU
		{36D07624-DDB5-4ED6-BCCB-B2AA49BB9E60}.Release|Any CPU.Build.0 = Release|Any CPU
		{570DC12D-7BEA-4874-88E0-94DD5A4DD3D0}.Debug|Any CPU.ActiveCfg = Debug|Any CPU
		{570DC12D-7BEA-4874-88E0-94DD5A4DD3D0}.Debug|Any CPU.Build.0 = Debug|Any CPU
		{570DC12D-7BEA-4874-88E0-94DD5A4DD3D0}.Release|Any CPU.ActiveCfg = Release|Any CPU
		{570DC12D-7BEA-4874-88E0-94DD5A4DD3D0}.Release|Any CPU.Build.0 = Release|Any CPU
		{44DFDDC3-0BD1-4DAC-9EDC-2FAE5A60EEEF}.Debug|Any CPU.ActiveCfg = Debug|Any CPU
		{44DFDDC3-0BD1-4DAC-9EDC-2FAE5A60EEEF}.Debug|Any CPU.Build.0 = Debug|Any CPU
		{44DFDDC3-0BD1-4DAC-9EDC-2FAE5A60EEEF}.Release|Any CPU.ActiveCfg = Release|Any CPU
		{44DFDDC3-0BD1-4DAC-9EDC-2FAE5A60EEEF}.Release|Any CPU.Build.0 = Release|Any CPU
		{88591A9A-26C9-45F9-B98B-193B3F08862E}.Debug|Any CPU.ActiveCfg = Debug|Any CPU
		{88591A9A-26C9-45F9-B98B-193B3F08862E}.Debug|Any CPU.Build.0 = Debug|Any CPU
		{88591A9A-26C9-45F9-B98B-193B3F08862E}.Release|Any CPU.ActiveCfg = Release|Any CPU
		{88591A9A-26C9-45F9-B98B-193B3F08862E}.Release|Any CPU.Build.0 = Release|Any CPU
		{0CB231D2-61C8-4E5D-B48D-637E63C4F6DC}.Debug|Any CPU.ActiveCfg = Debug|Any CPU
		{0CB231D2-61C8-4E5D-B48D-637E63C4F6DC}.Debug|Any CPU.Build.0 = Debug|Any CPU
		{0CB231D2-61C8-4E5D-B48D-637E63C4F6DC}.Release|Any CPU.ActiveCfg = Release|Any CPU
		{0CB231D2-61C8-4E5D-B48D-637E63C4F6DC}.Release|Any CPU.Build.0 = Release|Any CPU
		{9CEEA1F9-931B-4B7C-85E5-C9BB79CBAA09}.Debug|Any CPU.ActiveCfg = Debug|Any CPU
		{9CEEA1F9-931B-4B7C-85E5-C9BB79CBAA09}.Debug|Any CPU.Build.0 = Debug|Any CPU
		{9CEEA1F9-931B-4B7C-85E5-C9BB79CBAA09}.Release|Any CPU.ActiveCfg = Release|Any CPU
		{9CEEA1F9-931B-4B7C-85E5-C9BB79CBAA09}.Release|Any CPU.Build.0 = Release|Any CPU
		{30C35246-C5B3-4580-A66E-319FF1EE5C9B}.Debug|Any CPU.ActiveCfg = Debug|Any CPU
		{30C35246-C5B3-4580-A66E-319FF1EE5C9B}.Debug|Any CPU.Build.0 = Debug|Any CPU
		{30C35246-C5B3-4580-A66E-319FF1EE5C9B}.Release|Any CPU.ActiveCfg = Release|Any CPU
		{30C35246-C5B3-4580-A66E-319FF1EE5C9B}.Release|Any CPU.Build.0 = Release|Any CPU
		{11AC8954-3953-4840-A467-52AE769D074E}.Debug|Any CPU.ActiveCfg = Debug|Any CPU
		{11AC8954-3953-4840-A467-52AE769D074E}.Debug|Any CPU.Build.0 = Debug|Any CPU
		{11AC8954-3953-4840-A467-52AE769D074E}.Release|Any CPU.ActiveCfg = Release|Any CPU
		{11AC8954-3953-4840-A467-52AE769D074E}.Release|Any CPU.Build.0 = Release|Any CPU
		{BAB49DE0-99C9-43BC-8473-FE25392497D0}.Debug|Any CPU.ActiveCfg = Debug|Any CPU
		{BAB49DE0-99C9-43BC-8473-FE25392497D0}.Debug|Any CPU.Build.0 = Debug|Any CPU
		{BAB49DE0-99C9-43BC-8473-FE25392497D0}.Release|Any CPU.ActiveCfg = Release|Any CPU
		{BAB49DE0-99C9-43BC-8473-FE25392497D0}.Release|Any CPU.Build.0 = Release|Any CPU
		{528C7CE4-B92A-451F-B3C8-F252116502D6}.Debug|Any CPU.ActiveCfg = Debug|Any CPU
		{528C7CE4-B92A-451F-B3C8-F252116502D6}.Debug|Any CPU.Build.0 = Debug|Any CPU
		{528C7CE4-B92A-451F-B3C8-F252116502D6}.Release|Any CPU.ActiveCfg = Release|Any CPU
		{528C7CE4-B92A-451F-B3C8-F252116502D6}.Release|Any CPU.Build.0 = Release|Any CPU
		{345B1F9B-AAE6-4E47-B6BF-F95F0ED07E11}.Debug|Any CPU.ActiveCfg = Debug|Any CPU
		{345B1F9B-AAE6-4E47-B6BF-F95F0ED07E11}.Debug|Any CPU.Build.0 = Debug|Any CPU
		{345B1F9B-AAE6-4E47-B6BF-F95F0ED07E11}.Release|Any CPU.ActiveCfg = Release|Any CPU
		{345B1F9B-AAE6-4E47-B6BF-F95F0ED07E11}.Release|Any CPU.Build.0 = Release|Any CPU
		{2E0173B9-97F7-4FE4-8B5F-6CFB73100018}.Debug|Any CPU.ActiveCfg = Debug|Any CPU
		{2E0173B9-97F7-4FE4-8B5F-6CFB73100018}.Debug|Any CPU.Build.0 = Debug|Any CPU
		{2E0173B9-97F7-4FE4-8B5F-6CFB73100018}.Release|Any CPU.ActiveCfg = Release|Any CPU
		{2E0173B9-97F7-4FE4-8B5F-6CFB73100018}.Release|Any CPU.Build.0 = Release|Any CPU
		{68AFED47-01DE-4CE6-8971-D37D44D68E3F}.Debug|Any CPU.ActiveCfg = Debug|Any CPU
		{68AFED47-01DE-4CE6-8971-D37D44D68E3F}.Debug|Any CPU.Build.0 = Debug|Any CPU
		{68AFED47-01DE-4CE6-8971-D37D44D68E3F}.Release|Any CPU.ActiveCfg = Release|Any CPU
		{68AFED47-01DE-4CE6-8971-D37D44D68E3F}.Release|Any CPU.Build.0 = Release|Any CPU
		{BCFF5D34-1A7A-4EBC-8987-7704A73A103B}.Debug|Any CPU.ActiveCfg = Debug|Any CPU
		{BCFF5D34-1A7A-4EBC-8987-7704A73A103B}.Debug|Any CPU.Build.0 = Debug|Any CPU
		{BCFF5D34-1A7A-4EBC-8987-7704A73A103B}.Release|Any CPU.ActiveCfg = Release|Any CPU
		{BCFF5D34-1A7A-4EBC-8987-7704A73A103B}.Release|Any CPU.Build.0 = Release|Any CPU
		{31A369AB-44B5-46F1-833F-48F8BCFA0E69}.Debug|Any CPU.ActiveCfg = Debug|Any CPU
		{31A369AB-44B5-46F1-833F-48F8BCFA0E69}.Debug|Any CPU.Build.0 = Debug|Any CPU
		{31A369AB-44B5-46F1-833F-48F8BCFA0E69}.Release|Any CPU.ActiveCfg = Release|Any CPU
		{31A369AB-44B5-46F1-833F-48F8BCFA0E69}.Release|Any CPU.Build.0 = Release|Any CPU
		{8BAD10FC-ABA7-44DF-83EA-9B35C9C8FC83}.Debug|Any CPU.ActiveCfg = Debug|Any CPU
		{8BAD10FC-ABA7-44DF-83EA-9B35C9C8FC83}.Debug|Any CPU.Build.0 = Debug|Any CPU
		{8BAD10FC-ABA7-44DF-83EA-9B35C9C8FC83}.Release|Any CPU.ActiveCfg = Release|Any CPU
		{8BAD10FC-ABA7-44DF-83EA-9B35C9C8FC83}.Release|Any CPU.Build.0 = Release|Any CPU
		{FACBF21B-0DEA-4521-B08C-F44F0DDCE163}.Debug|Any CPU.ActiveCfg = Debug|Any CPU
		{FACBF21B-0DEA-4521-B08C-F44F0DDCE163}.Debug|Any CPU.Build.0 = Debug|Any CPU
		{FACBF21B-0DEA-4521-B08C-F44F0DDCE163}.Release|Any CPU.ActiveCfg = Release|Any CPU
		{FACBF21B-0DEA-4521-B08C-F44F0DDCE163}.Release|Any CPU.Build.0 = Release|Any CPU
		{6BEC977E-E436-46A6-9FA2-DE016A531C0E}.Debug|Any CPU.ActiveCfg = Debug|Any CPU
		{6BEC977E-E436-46A6-9FA2-DE016A531C0E}.Debug|Any CPU.Build.0 = Debug|Any CPU
		{6BEC977E-E436-46A6-9FA2-DE016A531C0E}.Release|Any CPU.ActiveCfg = Release|Any CPU
		{6BEC977E-E436-46A6-9FA2-DE016A531C0E}.Release|Any CPU.Build.0 = Release|Any CPU
		{B97D1B1C-5CA9-4487-8051-F5516E2ECEDA}.Debug|Any CPU.ActiveCfg = Debug|Any CPU
		{B97D1B1C-5CA9-4487-8051-F5516E2ECEDA}.Debug|Any CPU.Build.0 = Debug|Any CPU
		{B97D1B1C-5CA9-4487-8051-F5516E2ECEDA}.Release|Any CPU.ActiveCfg = Release|Any CPU
		{B97D1B1C-5CA9-4487-8051-F5516E2ECEDA}.Release|Any CPU.Build.0 = Release|Any CPU
		{1EA7BB2A-EC6C-41B3-AAF7-018F315354DF}.Debug|Any CPU.ActiveCfg = Debug|Any CPU
		{1EA7BB2A-EC6C-41B3-AAF7-018F315354DF}.Debug|Any CPU.Build.0 = Debug|Any CPU
		{1EA7BB2A-EC6C-41B3-AAF7-018F315354DF}.Release|Any CPU.ActiveCfg = Release|Any CPU
		{1EA7BB2A-EC6C-41B3-AAF7-018F315354DF}.Release|Any CPU.Build.0 = Release|Any CPU
		{B46B5447-7806-4C6A-ACA9-2A1D57A72172}.Debug|Any CPU.ActiveCfg = Debug|Any CPU
		{B46B5447-7806-4C6A-ACA9-2A1D57A72172}.Debug|Any CPU.Build.0 = Debug|Any CPU
		{B46B5447-7806-4C6A-ACA9-2A1D57A72172}.Release|Any CPU.ActiveCfg = Release|Any CPU
		{B46B5447-7806-4C6A-ACA9-2A1D57A72172}.Release|Any CPU.Build.0 = Release|Any CPU
		{E3ACA504-BB4C-4333-9D05-C2BA71978F3E}.Debug|Any CPU.ActiveCfg = Debug|Any CPU
		{E3ACA504-BB4C-4333-9D05-C2BA71978F3E}.Debug|Any CPU.Build.0 = Debug|Any CPU
		{E3ACA504-BB4C-4333-9D05-C2BA71978F3E}.Release|Any CPU.ActiveCfg = Release|Any CPU
		{E3ACA504-BB4C-4333-9D05-C2BA71978F3E}.Release|Any CPU.Build.0 = Release|Any CPU
		{F64C3976-338C-4053-A30A-1B214BEC4F80}.Debug|Any CPU.ActiveCfg = Debug|Any CPU
		{F64C3976-338C-4053-A30A-1B214BEC4F80}.Debug|Any CPU.Build.0 = Debug|Any CPU
		{F64C3976-338C-4053-A30A-1B214BEC4F80}.Release|Any CPU.ActiveCfg = Release|Any CPU
		{F64C3976-338C-4053-A30A-1B214BEC4F80}.Release|Any CPU.Build.0 = Release|Any CPU
		{E68F9B87-8932-41CF-8BC9-05988C5452DF}.Debug|Any CPU.ActiveCfg = Debug|Any CPU
		{E68F9B87-8932-41CF-8BC9-05988C5452DF}.Debug|Any CPU.Build.0 = Debug|Any CPU
		{E68F9B87-8932-41CF-8BC9-05988C5452DF}.Release|Any CPU.ActiveCfg = Release|Any CPU
		{E68F9B87-8932-41CF-8BC9-05988C5452DF}.Release|Any CPU.Build.0 = Release|Any CPU
		{8432AE05-04C1-4B5D-80BD-362A45870F23}.Debug|Any CPU.ActiveCfg = Debug|Any CPU
		{8432AE05-04C1-4B5D-80BD-362A45870F23}.Debug|Any CPU.Build.0 = Debug|Any CPU
		{8432AE05-04C1-4B5D-80BD-362A45870F23}.Release|Any CPU.ActiveCfg = Release|Any CPU
		{8432AE05-04C1-4B5D-80BD-362A45870F23}.Release|Any CPU.Build.0 = Release|Any CPU
		{23302BE3-D3C6-4087-ABAE-B640EACD525B}.Debug|Any CPU.ActiveCfg = Debug|Any CPU
		{23302BE3-D3C6-4087-ABAE-B640EACD525B}.Debug|Any CPU.Build.0 = Debug|Any CPU
		{23302BE3-D3C6-4087-ABAE-B640EACD525B}.Release|Any CPU.ActiveCfg = Release|Any CPU
		{23302BE3-D3C6-4087-ABAE-B640EACD525B}.Release|Any CPU.Build.0 = Release|Any CPU
		{A7575285-A70C-4605-9039-41822575FB15}.Debug|Any CPU.ActiveCfg = Debug|Any CPU
		{A7575285-A70C-4605-9039-41822575FB15}.Debug|Any CPU.Build.0 = Debug|Any CPU
		{A7575285-A70C-4605-9039-41822575FB15}.Release|Any CPU.ActiveCfg = Release|Any CPU
		{A7575285-A70C-4605-9039-41822575FB15}.Release|Any CPU.Build.0 = Release|Any CPU
		{444B5E18-BBF7-4918-9EC5-36105F0342DB}.Debug|Any CPU.ActiveCfg = Debug|Any CPU
		{444B5E18-BBF7-4918-9EC5-36105F0342DB}.Debug|Any CPU.Build.0 = Debug|Any CPU
		{444B5E18-BBF7-4918-9EC5-36105F0342DB}.Release|Any CPU.ActiveCfg = Release|Any CPU
		{444B5E18-BBF7-4918-9EC5-36105F0342DB}.Release|Any CPU.Build.0 = Release|Any CPU
		{8100A9A0-5591-4A38-918E-1EB24FC651AF}.Debug|Any CPU.ActiveCfg = Debug|Any CPU
		{8100A9A0-5591-4A38-918E-1EB24FC651AF}.Debug|Any CPU.Build.0 = Debug|Any CPU
		{8100A9A0-5591-4A38-918E-1EB24FC651AF}.Release|Any CPU.ActiveCfg = Release|Any CPU
		{8100A9A0-5591-4A38-918E-1EB24FC651AF}.Release|Any CPU.Build.0 = Release|Any CPU
		{997F5B59-C224-4A88-B123-B82015B6AA09}.Debug|Any CPU.ActiveCfg = Debug|Any CPU
		{997F5B59-C224-4A88-B123-B82015B6AA09}.Debug|Any CPU.Build.0 = Debug|Any CPU
		{997F5B59-C224-4A88-B123-B82015B6AA09}.Release|Any CPU.ActiveCfg = Release|Any CPU
		{997F5B59-C224-4A88-B123-B82015B6AA09}.Release|Any CPU.Build.0 = Release|Any CPU
		{CD41B4FE-F726-45F3-81DA-9F851EF5599F}.Debug|Any CPU.ActiveCfg = Debug|Any CPU
		{CD41B4FE-F726-45F3-81DA-9F851EF5599F}.Debug|Any CPU.Build.0 = Debug|Any CPU
		{CD41B4FE-F726-45F3-81DA-9F851EF5599F}.Release|Any CPU.ActiveCfg = Release|Any CPU
		{CD41B4FE-F726-45F3-81DA-9F851EF5599F}.Release|Any CPU.Build.0 = Release|Any CPU
		{5D400628-C85A-45AE-8FD7-8C3B952A65D9}.Debug|Any CPU.ActiveCfg = Debug|Any CPU
		{5D400628-C85A-45AE-8FD7-8C3B952A65D9}.Debug|Any CPU.Build.0 = Debug|Any CPU
		{5D400628-C85A-45AE-8FD7-8C3B952A65D9}.Release|Any CPU.ActiveCfg = Release|Any CPU
		{5D400628-C85A-45AE-8FD7-8C3B952A65D9}.Release|Any CPU.Build.0 = Release|Any CPU
		{69585080-AF31-4646-BD35-398DC1D3CEC2}.Debug|Any CPU.ActiveCfg = Debug|Any CPU
		{69585080-AF31-4646-BD35-398DC1D3CEC2}.Debug|Any CPU.Build.0 = Debug|Any CPU
		{69585080-AF31-4646-BD35-398DC1D3CEC2}.Release|Any CPU.ActiveCfg = Release|Any CPU
		{69585080-AF31-4646-BD35-398DC1D3CEC2}.Release|Any CPU.Build.0 = Release|Any CPU
		{FA8B2A58-CB3F-4B98-A1C2-BB6A8E303878}.Debug|Any CPU.ActiveCfg = Debug|Any CPU
		{FA8B2A58-CB3F-4B98-A1C2-BB6A8E303878}.Debug|Any CPU.Build.0 = Debug|Any CPU
		{FA8B2A58-CB3F-4B98-A1C2-BB6A8E303878}.Release|Any CPU.ActiveCfg = Release|Any CPU
		{FA8B2A58-CB3F-4B98-A1C2-BB6A8E303878}.Release|Any CPU.Build.0 = Release|Any CPU
	EndGlobalSection
	GlobalSection(SolutionProperties) = preSolution
		HideSolutionNode = FALSE
	EndGlobalSection
	GlobalSection(NestedProjects) = preSolution
		{13E879A4-7E5D-4306-9571-A9629771C182} = {BE57B8EF-677D-4D09-B076-D7766373A3C4}
		{22659B9E-A69A-403C-BF61-5FBCCE6DD4E2} = {13E879A4-7E5D-4306-9571-A9629771C182}
		{159DBC8F-9F52-4B7D-97AA-F7F3F1AF9B5A} = {BE57B8EF-677D-4D09-B076-D7766373A3C4}
		{5BFEEB7D-52DA-4AF6-AC56-43E76F55677F} = {159DBC8F-9F52-4B7D-97AA-F7F3F1AF9B5A}
		{7557090B-806E-4D6D-98E4-45D2D4FE62E9} = {BE57B8EF-677D-4D09-B076-D7766373A3C4}
		{E5EB8517-7B9C-4C8C-BBD3-06173E00A905} = {7557090B-806E-4D6D-98E4-45D2D4FE62E9}
		{B6ECED1A-7D89-4DE3-9F76-07F7A8DA7B1A} = {BE57B8EF-677D-4D09-B076-D7766373A3C4}
		{5467DC05-A631-4810-8347-ED199875C852} = {B6ECED1A-7D89-4DE3-9F76-07F7A8DA7B1A}
		{8341FAE6-EA88-48FA-A055-BCE8173295A9} = {BE57B8EF-677D-4D09-B076-D7766373A3C4}
		{F3E7BA2E-917C-4052-856A-C26CE9A8F84C} = {8341FAE6-EA88-48FA-A055-BCE8173295A9}
		{0A480A08-2856-45AD-89A6-8BE4628F247D} = {BE57B8EF-677D-4D09-B076-D7766373A3C4}
		{63CF3EA1-972C-4A12-B901-2FD1EB8ABADB} = {0A480A08-2856-45AD-89A6-8BE4628F247D}
		{80A1E642-9475-46E9-9DE2-16FA4FEBAFD0} = {BE57B8EF-677D-4D09-B076-D7766373A3C4}
		{7A347F01-0E44-4BB3-9CB3-AA7C2D513C32} = {80A1E642-9475-46E9-9DE2-16FA4FEBAFD0}
		{9F853E52-DAC1-482F-BA7A-6370B8FF0300} = {BE57B8EF-677D-4D09-B076-D7766373A3C4}
		{1D402973-B493-4A76-9271-83CFA541665C} = {9F853E52-DAC1-482F-BA7A-6370B8FF0300}
		{3E06CEDC-F832-4817-8DC1-A5F3DE0A2A71} = {BE57B8EF-677D-4D09-B076-D7766373A3C4}
		{9125D8B6-534A-41CC-8CE8-36D6AA40BE8B} = {3E06CEDC-F832-4817-8DC1-A5F3DE0A2A71}
		{42C956D5-54F2-408E-B657-F35F261D6D57} = {BE57B8EF-677D-4D09-B076-D7766373A3C4}
		{FD745D21-F7BB-4BA2-B59B-287BB7E697C5} = {42C956D5-54F2-408E-B657-F35F261D6D57}
		{A19670A5-EA16-489C-BCB0-9B5FD141A589} = {6A573B94-495E-4209-90E5-F0FD83A2B30F}
		{5978E2B4-1BC7-486C-824F-AAA58788F2B6} = {6A573B94-495E-4209-90E5-F0FD83A2B30F}
		{30E86B35-E71D-4690-A62E-43A8BB4DFCE5} = {6A573B94-495E-4209-90E5-F0FD83A2B30F}
		{3F36A6B2-6AE5-4B04-BE1D-F19443A48AA2} = {6A573B94-495E-4209-90E5-F0FD83A2B30F}
		{063823CC-F9D8-4801-B906-5215D517EA28} = {6A573B94-495E-4209-90E5-F0FD83A2B30F}
		{83E92C8C-210E-4853-8368-694CFCC5DFE1} = {6A573B94-495E-4209-90E5-F0FD83A2B30F}
		{4016CE2E-CE27-4BC9-9C7A-5DE1CB5D0A6E} = {6A573B94-495E-4209-90E5-F0FD83A2B30F}
		{63951A9F-6D1B-4DF9-A40D-71C1C0F5F680} = {6A573B94-495E-4209-90E5-F0FD83A2B30F}
		{57B62C3A-85D8-4B20-9CB7-31E50F5CC863} = {6A573B94-495E-4209-90E5-F0FD83A2B30F}
		{716945BC-5D4B-4BF9-B7D3-9FA409BCFAB0} = {6A573B94-495E-4209-90E5-F0FD83A2B30F}
		{DDA81329-B2F4-4A1B-9413-257833BF8F11} = {A19670A5-EA16-489C-BCB0-9B5FD141A589}
		{4BC0C2E6-A4C7-471A-A582-9969229D923C} = {5978E2B4-1BC7-486C-824F-AAA58788F2B6}
		{BF43B09F-5F8C-47D9-9A16-4E209A03F98C} = {3F36A6B2-6AE5-4B04-BE1D-F19443A48AA2}
		{D93FA6DC-F3DE-44D3-AAEE-EFE4558EC11C} = {83E92C8C-210E-4853-8368-694CFCC5DFE1}
		{73D6D72E-B040-468E-B072-8E46CE6DE5C7} = {716945BC-5D4B-4BF9-B7D3-9FA409BCFAB0}
		{3E74E3F4-6FF4-4C9D-9F94-998789BEC883} = {063823CC-F9D8-4801-B906-5215D517EA28}
		{36D07624-DDB5-4ED6-BCCB-B2AA49BB9E60} = {57B62C3A-85D8-4B20-9CB7-31E50F5CC863}
		{570DC12D-7BEA-4874-88E0-94DD5A4DD3D0} = {4016CE2E-CE27-4BC9-9C7A-5DE1CB5D0A6E}
		{44DFDDC3-0BD1-4DAC-9EDC-2FAE5A60EEEF} = {30E86B35-E71D-4690-A62E-43A8BB4DFCE5}
		{88591A9A-26C9-45F9-B98B-193B3F08862E} = {63951A9F-6D1B-4DF9-A40D-71C1C0F5F680}
		{24101278-B7AC-4E4D-A6FE-A946F9A9913A} = {6A573B94-495E-4209-90E5-F0FD83A2B30F}
		{0CB231D2-61C8-4E5D-B48D-637E63C4F6DC} = {24101278-B7AC-4E4D-A6FE-A946F9A9913A}
		{F5B80905-2AD1-4363-A3AD-B86310149901} = {6A573B94-495E-4209-90E5-F0FD83A2B30F}
		{9CEEA1F9-931B-4B7C-85E5-C9BB79CBAA09} = {F5B80905-2AD1-4363-A3AD-B86310149901}
		{6343D1AB-9408-42CE-B2F3-4D5EF6BD9CE8} = {6A573B94-495E-4209-90E5-F0FD83A2B30F}
		{30C35246-C5B3-4580-A66E-319FF1EE5C9B} = {6343D1AB-9408-42CE-B2F3-4D5EF6BD9CE8}
		{F0C533C7-DCDD-440E-953E-CABD9C2352DE} = {6A573B94-495E-4209-90E5-F0FD83A2B30F}
		{11AC8954-3953-4840-A467-52AE769D074E} = {F0C533C7-DCDD-440E-953E-CABD9C2352DE}
		{048461E6-9B35-4B33-AAC1-EAC2A162D74B} = {A28B9760-B527-4FCE-B594-85D749B7CD44}
		{8BA829B6-5B3C-47F9-B288-A2FE840AB4F2} = {A28B9760-B527-4FCE-B594-85D749B7CD44}
		{685F3A04-C2C3-42ED-A571-0DF040133F07} = {A28B9760-B527-4FCE-B594-85D749B7CD44}
		{02A0E6E9-47A2-404D-922D-82CF873980F8} = {A28B9760-B527-4FCE-B594-85D749B7CD44}
		{C8077511-F0D0-45BA-A93B-B24354E7F135} = {A28B9760-B527-4FCE-B594-85D749B7CD44}
		{98171F69-FB75-4D40-AF44-80271AB9DC12} = {A28B9760-B527-4FCE-B594-85D749B7CD44}
		{EE6349A6-0935-437E-83E4-3AC37119A5C1} = {A28B9760-B527-4FCE-B594-85D749B7CD44}
		{3B04C2FF-43D8-4E9F-A068-9BC1D2737406} = {A28B9760-B527-4FCE-B594-85D749B7CD44}
		{464BE11F-B197-4D06-97DE-926833562CD2} = {A28B9760-B527-4FCE-B594-85D749B7CD44}
		{AE615805-38FB-495D-8D36-B59C3E7A0E97} = {A28B9760-B527-4FCE-B594-85D749B7CD44}
		{BAB49DE0-99C9-43BC-8473-FE25392497D0} = {02A0E6E9-47A2-404D-922D-82CF873980F8}
		{528C7CE4-B92A-451F-B3C8-F252116502D6} = {8BA829B6-5B3C-47F9-B288-A2FE840AB4F2}
		{345B1F9B-AAE6-4E47-B6BF-F95F0ED07E11} = {AE615805-38FB-495D-8D36-B59C3E7A0E97}
		{2E0173B9-97F7-4FE4-8B5F-6CFB73100018} = {98171F69-FB75-4D40-AF44-80271AB9DC12}
		{68AFED47-01DE-4CE6-8971-D37D44D68E3F} = {C8077511-F0D0-45BA-A93B-B24354E7F135}
		{BCFF5D34-1A7A-4EBC-8987-7704A73A103B} = {EE6349A6-0935-437E-83E4-3AC37119A5C1}
		{31A369AB-44B5-46F1-833F-48F8BCFA0E69} = {464BE11F-B197-4D06-97DE-926833562CD2}
		{8BAD10FC-ABA7-44DF-83EA-9B35C9C8FC83} = {048461E6-9B35-4B33-AAC1-EAC2A162D74B}
		{FACBF21B-0DEA-4521-B08C-F44F0DDCE163} = {685F3A04-C2C3-42ED-A571-0DF040133F07}
		{6BEC977E-E436-46A6-9FA2-DE016A531C0E} = {3B04C2FF-43D8-4E9F-A068-9BC1D2737406}
		{4CBBD66B-6BB9-4B43-82F0-3EB6C8291312} = {A28B9760-B527-4FCE-B594-85D749B7CD44}
		{B97D1B1C-5CA9-4487-8051-F5516E2ECEDA} = {4CBBD66B-6BB9-4B43-82F0-3EB6C8291312}
		{6F674A02-F957-4D94-8C79-09C6FED7911D} = {6F4D953D-750D-49EA-8BA8-1B1B01E18526}
		{1EA7BB2A-EC6C-41B3-AAF7-018F315354DF} = {6F674A02-F957-4D94-8C79-09C6FED7911D}
		{0A1273B0-9AB5-4624-B40A-0B11E3691C4E} = {6F4D953D-750D-49EA-8BA8-1B1B01E18526}
		{B46B5447-7806-4C6A-ACA9-2A1D57A72172} = {0A1273B0-9AB5-4624-B40A-0B11E3691C4E}
		{78644BB3-9949-4E60-9EAE-22FC91E3CFD4} = {6F4D953D-750D-49EA-8BA8-1B1B01E18526}
		{E3ACA504-BB4C-4333-9D05-C2BA71978F3E} = {78644BB3-9949-4E60-9EAE-22FC91E3CFD4}
		{CFD7090A-EA29-4230-9769-5243BFFC5025} = {6F4D953D-750D-49EA-8BA8-1B1B01E18526}
		{F64C3976-338C-4053-A30A-1B214BEC4F80} = {CFD7090A-EA29-4230-9769-5243BFFC5025}
		{0BCC6BBD-4E0B-4D69-8011-7B26DCD4E657} = {6F4D953D-750D-49EA-8BA8-1B1B01E18526}
		{E68F9B87-8932-41CF-8BC9-05988C5452DF} = {0BCC6BBD-4E0B-4D69-8011-7B26DCD4E657}
		{144E2258-39E3-4049-A276-E7BF1217AC55} = {6F4D953D-750D-49EA-8BA8-1B1B01E18526}
		{8432AE05-04C1-4B5D-80BD-362A45870F23} = {144E2258-39E3-4049-A276-E7BF1217AC55}
		{779FBDA4-6C46-47DA-B028-A8A9B8468B72} = {6F4D953D-750D-49EA-8BA8-1B1B01E18526}
		{23302BE3-D3C6-4087-ABAE-B640EACD525B} = {779FBDA4-6C46-47DA-B028-A8A9B8468B72}
		{F2CAFCE3-CCFB-40E6-90CF-D26E360E7743} = {6F4D953D-750D-49EA-8BA8-1B1B01E18526}
		{A7575285-A70C-4605-9039-41822575FB15} = {F2CAFCE3-CCFB-40E6-90CF-D26E360E7743}
		{4D64F95B-70A2-4250-AABF-2A392EBF2707} = {6F4D953D-750D-49EA-8BA8-1B1B01E18526}
		{444B5E18-BBF7-4918-9EC5-36105F0342DB} = {4D64F95B-70A2-4250-AABF-2A392EBF2707}
		{8B32B0CA-20FC-40C1-B925-31A55BA7F3C9} = {6F4D953D-750D-49EA-8BA8-1B1B01E18526}
		{8100A9A0-5591-4A38-918E-1EB24FC651AF} = {8B32B0CA-20FC-40C1-B925-31A55BA7F3C9}
		{40DF5E92-22A2-4770-8E2C-241B3B919103} = {6F4D953D-750D-49EA-8BA8-1B1B01E18526}
		{997F5B59-C224-4A88-B123-B82015B6AA09} = {40DF5E92-22A2-4770-8E2C-241B3B919103}
		{577D136B-2B48-45B8-9E54-628797C5FCE1} = {6F4D953D-750D-49EA-8BA8-1B1B01E18526}
		{CD41B4FE-F726-45F3-81DA-9F851EF5599F} = {577D136B-2B48-45B8-9E54-628797C5FCE1}
		{5D400628-C85A-45AE-8FD7-8C3B952A65D9} = {6BF62DA5-1C61-4AC6-84C3-E05C4839D9BF}
		{69585080-AF31-4646-BD35-398DC1D3CEC2} = {6BF62DA5-1C61-4AC6-84C3-E05C4839D9BF}
		{FA8B2A58-CB3F-4B98-A1C2-BB6A8E303878} = {6BF62DA5-1C61-4AC6-84C3-E05C4839D9BF}
	EndGlobalSection
	GlobalSection(ExtensibilityGlobals) = postSolution
		SolutionGuid = {85DDE337-0119-4C7D-A696-C08B4735282B}
	EndGlobalSection
EndGlobal
